
Microsoft Visual Studio Solution File, Format Version 12.00
# Visual Studio 2013
VisualStudioVersion = 12.0.31101.0
MinimumVisualStudioVersion = 10.0.40219.1
Project("{FAE04EC0-301F-11D3-BF4B-00C04F79EFBC}") = "YuQ15", "YuQ15\YuQ15.csproj", "{B5108D93-2CC7-414F-B054-E285240E537B}"
EndProject
Global
	GlobalSection(SolutionConfigurationPlatforms) = preSolution
		Debug|Any CPU = Debug|Any CPU
		Debug|ARM = Debug|ARM
		Debug|x86 = Debug|x86
		Release|Any CPU = Release|Any CPU
		Release|ARM = Release|ARM
		Release|x86 = Release|x86
	EndGlobalSection
	GlobalSection(ProjectConfigurationPlatforms) = postSolution
		{B5108D93-2CC7-414F-B054-E285240E537B}.Debug|Any CPU.ActiveCfg = Debug|Any CPU
		{B5108D93-2CC7-414F-B054-E285240E537B}.Debug|Any CPU.Build.0 = Debug|Any CPU
		{B5108D93-2CC7-414F-B054-E285240E537B}.Debug|Any CPU.Deploy.0 = Debug|Any CPU
		{B5108D93-2CC7-414F-B054-E285240E537B}.Debug|ARM.ActiveCfg = Debug|ARM
		{B5108D93-2CC7-414F-B054-E285240E537B}.Debug|ARM.Build.0 = Debug|ARM
		{B5108D93-2CC7-414F-B054-E285240E537B}.Debug|ARM.Deploy.0 = Debug|ARM
		{B5108D93-2CC7-414F-B054-E285240E537B}.Debug|x86.ActiveCfg = Debug|x86
		{B5108D93-2CC7-414F-B054-E285240E537B}.Debug|x86.Build.0 = Debug|x86
		{B5108D93-2CC7-414F-B054-E285240E537B}.Debug|x86.Deploy.0 = Debug|x86
		{B5108D93-2CC7-414F-B054-E285240E537B}.Release|Any CPU.ActiveCfg = Release|Any CPU
		{B5108D93-2CC7-414F-B054-E285240E537B}.Release|Any CPU.Build.0 = Release|Any CPU
		{B5108D93-2CC7-414F-B054-E285240E537B}.Release|Any CPU.Deploy.0 = Release|Any CPU
		{B5108D93-2CC7-414F-B054-E285240E537B}.Release|ARM.ActiveCfg = Release|ARM
		{B5108D93-2CC7-414F-B054-E285240E537B}.Release|ARM.Build.0 = Release|ARM
		{B5108D93-2CC7-414F-B054-E285240E537B}.Release|ARM.Deploy.0 = Release|ARM
		{B5108D93-2CC7-414F-B054-E285240E537B}.Release|x86.ActiveCfg = Release|x86
		{B5108D93-2CC7-414F-B054-E285240E537B}.Release|x86.Build.0 = Release|x86
		{B5108D93-2CC7-414F-B054-E285240E537B}.Release|x86.Deploy.0 = Release|x86
	EndGlobalSection
	GlobalSection(SolutionProperties) = preSolution
		HideSolutionNode = FALSE
	EndGlobalSection
EndGlobal
